// !$*UTF8*$!
{
	archiveVersion = 1;
	classes = {
	};
	objectVersion = 50;
	objects = {

/* Begin PBXBuildFile section */
		315FB5F2212BE83600BDE17F /* AppDelegate.swift in Sources */ = {isa = PBXBuildFile; fileRef = 315FB5F1212BE83600BDE17F /* AppDelegate.swift */; };
		315FB5F4212BE83600BDE17F /* ViewController.swift in Sources */ = {isa = PBXBuildFile; fileRef = 315FB5F3212BE83600BDE17F /* ViewController.swift */; };
		315FB5F7212BE83600BDE17F /* Main.storyboard in Resources */ = {isa = PBXBuildFile; fileRef = 315FB5F5212BE83600BDE17F /* Main.storyboard */; };
		315FB5F9212BE83900BDE17F /* Assets.xcassets in Resources */ = {isa = PBXBuildFile; fileRef = 315FB5F8212BE83900BDE17F /* Assets.xcassets */; };
		315FB5FC212BE83900BDE17F /* LaunchScreen.storyboard in Resources */ = {isa = PBXBuildFile; fileRef = 315FB5FA212BE83900BDE17F /* LaunchScreen.storyboard */; };
		315FB60C212D50D600BDE17F /* Spring.framework in Frameworks */ = {isa = PBXBuildFile; fileRef = 315FB60B212D50D600BDE17F /* Spring.framework */; };
		31D460AB214141F400264846 /* 0.JPG in Resources */ = {isa = PBXBuildFile; fileRef = 31D460A7214141F400264846 /* 0.JPG */; };
		31D460AC214141F400264846 /* 1.JPG in Resources */ = {isa = PBXBuildFile; fileRef = 31D460A8214141F400264846 /* 1.JPG */; };
		31D460AD214141F400264846 /* 2.JPG in Resources */ = {isa = PBXBuildFile; fileRef = 31D460A9214141F400264846 /* 2.JPG */; };
		31D460AE214141F400264846 /* 3.JPG in Resources */ = {isa = PBXBuildFile; fileRef = 31D460AA214141F400264846 /* 3.JPG */; };
		31FF1ECC212D7E4800EA30DC /* CBAutoScrollLabel.m in Sources */ = {isa = PBXBuildFile; fileRef = 31FF1ECA212D7E4700EA30DC /* CBAutoScrollLabel.m */; };
		7DD36748471CB22184E1A9C8 /* Pods_movies.framework in Frameworks */ = {isa = PBXBuildFile; fileRef = D79DB73CC29163D0EFAC4B2D /* Pods_movies.framework */; };
/* End PBXBuildFile section */

/* Begin PBXFileReference section */
		315FB5EE212BE83600BDE17F /* movies.app */ = {isa = PBXFileReference; explicitFileType = wrapper.application; includeInIndex = 0; path = movies.app; sourceTree = BUILT_PRODUCTS_DIR; };
		315FB5F1212BE83600BDE17F /* AppDelegate.swift */ = {isa = PBXFileReference; lastKnownFileType = sourcecode.swift; path = AppDelegate.swift; sourceTree = "<group>"; };
		315FB5F3212BE83600BDE17F /* ViewController.swift */ = {isa = PBXFileReference; lastKnownFileType = sourcecode.swift; path = ViewController.swift; sourceTree = "<group>"; };
		315FB5F6212BE83600BDE17F /* Base */ = {isa = PBXFileReference; lastKnownFileType = file.storyboard; name = Base; path = Base.lproj/Main.storyboard; sourceTree = "<group>"; };
		315FB5F8212BE83900BDE17F /* Assets.xcassets */ = {isa = PBXFileReference; lastKnownFileType = folder.assetcatalog; path = Assets.xcassets; sourceTree = "<group>"; };
		315FB5FB212BE83900BDE17F /* Base */ = {isa = PBXFileReference; lastKnownFileType = file.storyboard; name = Base; path = Base.lproj/LaunchScreen.storyboard; sourceTree = "<group>"; };
		315FB5FD212BE83900BDE17F /* Info.plist */ = {isa = PBXFileReference; lastKnownFileType = text.plist.xml; path = Info.plist; sourceTree = "<group>"; };
		315FB60B212D50D600BDE17F /* Spring.framework */ = {isa = PBXFileReference; explicitFileType = wrapper.framework; path = Spring.framework; sourceTree = BUILT_PRODUCTS_DIR; };
		31D460A7214141F400264846 /* 0.JPG */ = {isa = PBXFileReference; lastKnownFileType = image.jpeg; path = 0.JPG; sourceTree = SOURCE_ROOT; };
		31D460A8214141F400264846 /* 1.JPG */ = {isa = PBXFileReference; lastKnownFileType = image.jpeg; path = 1.JPG; sourceTree = SOURCE_ROOT; };
		31D460A9214141F400264846 /* 2.JPG */ = {isa = PBXFileReference; lastKnownFileType = image.jpeg; path = 2.JPG; sourceTree = SOURCE_ROOT; };
		31D460AA214141F400264846 /* 3.JPG */ = {isa = PBXFileReference; lastKnownFileType = image.jpeg; path = 3.JPG; sourceTree = SOURCE_ROOT; };
		31FF1EC9212D7E4700EA30DC /* movies-Bridging-Header.h */ = {isa = PBXFileReference; lastKnownFileType = sourcecode.c.h; path = "movies-Bridging-Header.h"; sourceTree = "<group>"; };
		31FF1ECA212D7E4700EA30DC /* CBAutoScrollLabel.m */ = {isa = PBXFileReference; fileEncoding = 4; lastKnownFileType = sourcecode.c.objc; path = CBAutoScrollLabel.m; sourceTree = "<group>"; };
		31FF1ECB212D7E4800EA30DC /* CBAutoScrollLabel.h */ = {isa = PBXFileReference; fileEncoding = 4; lastKnownFileType = sourcecode.c.h; path = CBAutoScrollLabel.h; sourceTree = "<group>"; };
		D032B3B9D101F177D63748F0 /* Pods-movies.debug.xcconfig */ = {isa = PBXFileReference; includeInIndex = 1; lastKnownFileType = text.xcconfig; name = "Pods-movies.debug.xcconfig"; path = "Pods/Target Support Files/Pods-movies/Pods-movies.debug.xcconfig"; sourceTree = "<group>"; };
		D79DB73CC29163D0EFAC4B2D /* Pods_movies.framework */ = {isa = PBXFileReference; explicitFileType = wrapper.framework; includeInIndex = 0; path = Pods_movies.framework; sourceTree = BUILT_PRODUCTS_DIR; };
		F0F93241E02A8756C224D699 /* Pods-movies.release.xcconfig */ = {isa = PBXFileReference; includeInIndex = 1; lastKnownFileType = text.xcconfig; name = "Pods-movies.release.xcconfig"; path = "Pods/Target Support Files/Pods-movies/Pods-movies.release.xcconfig"; sourceTree = "<group>"; };
/* End PBXFileReference section */

/* Begin PBXFrameworksBuildPhase section */
		315FB5EB212BE83600BDE17F /* Frameworks */ = {
			isa = PBXFrameworksBuildPhase;
			buildActionMask = 2147483647;
			files = (
				315FB60C212D50D600BDE17F /* Spring.framework in Frameworks */,
				7DD36748471CB22184E1A9C8 /* Pods_movies.framework in Frameworks */,
			);
			runOnlyForDeploymentPostprocessing = 0;
		};
/* End PBXFrameworksBuildPhase section */

/* Begin PBXGroup section */
		315FB5E5212BE83600BDE17F = {
			isa = PBXGroup;
			children = (
				315FB5F0212BE83600BDE17F /* movies */,
				315FB5EF212BE83600BDE17F /* Products */,
				B07B4B003D201D85BEEB542B /* Pods */,
				F77921ACFF949F92B454AD04 /* Frameworks */,
			);
			sourceTree = "<group>";
		};
		315FB5EF212BE83600BDE17F /* Products */ = {
			isa = PBXGroup;
			children = (
				315FB5EE212BE83600BDE17F /* movies.app */,
			);
			name = Products;
			sourceTree = "<group>";
		};
		315FB5F0212BE83600BDE17F /* movies */ = {
			isa = PBXGroup;
			children = (
				31D460A7214141F400264846 /* 0.JPG */,
				31D460A8214141F400264846 /* 1.JPG */,
				31D460A9214141F400264846 /* 2.JPG */,
				31D460AA214141F400264846 /* 3.JPG */,
				31FF1ECB212D7E4800EA30DC /* CBAutoScrollLabel.h */,
				31FF1ECA212D7E4700EA30DC /* CBAutoScrollLabel.m */,
				315FB5F1212BE83600BDE17F /* AppDelegate.swift */,
				315FB5F3212BE83600BDE17F /* ViewController.swift */,
				315FB5F5212BE83600BDE17F /* Main.storyboard */,
				315FB5F8212BE83900BDE17F /* Assets.xcassets */,
				315FB5FA212BE83900BDE17F /* LaunchScreen.storyboard */,
				315FB5FD212BE83900BDE17F /* Info.plist */,
				31FF1EC9212D7E4700EA30DC /* movies-Bridging-Header.h */,
			);
			path = movies;
			sourceTree = "<group>";
		};
		B07B4B003D201D85BEEB542B /* Pods */ = {
			isa = PBXGroup;
			children = (
				D032B3B9D101F177D63748F0 /* Pods-movies.debug.xcconfig */,
				F0F93241E02A8756C224D699 /* Pods-movies.release.xcconfig */,
			);
			name = Pods;
			sourceTree = "<group>";
		};
		F77921ACFF949F92B454AD04 /* Frameworks */ = {
			isa = PBXGroup;
			children = (
				315FB60B212D50D600BDE17F /* Spring.framework */,
				D79DB73CC29163D0EFAC4B2D /* Pods_movies.framework */,
			);
			name = Frameworks;
			sourceTree = "<group>";
		};
/* End PBXGroup section */

/* Begin PBXNativeTarget section */
		315FB5ED212BE83600BDE17F /* movies */ = {
			isa = PBXNativeTarget;
			buildConfigurationList = 315FB600212BE83900BDE17F /* Build configuration list for PBXNativeTarget "movies" */;
			buildPhases = (
				E85A7E4ACB7019E76E02CE67 /* [CP] Check Pods Manifest.lock */,
				315FB5EA212BE83600BDE17F /* Sources */,
				315FB5EB212BE83600BDE17F /* Frameworks */,
				315FB5EC212BE83600BDE17F /* Resources */,
				AFEC38EFBC8C211DA8C3A951 /* [CP] Embed Pods Frameworks */,
			);
			buildRules = (
			);
			dependencies = (
			);
			name = movies;
			productName = movies;
			productReference = 315FB5EE212BE83600BDE17F /* movies.app */;
			productType = "com.apple.product-type.application";
		};
/* End PBXNativeTarget section */

/* Begin PBXProject section */
		315FB5E6212BE83600BDE17F /* Project object */ = {
			isa = PBXProject;
			attributes = {
				LastSwiftUpdateCheck = 0940;
				LastUpgradeCheck = 0940;
				ORGANIZATIONNAME = "株式会社ミップ";
				TargetAttributes = {
					315FB5ED212BE83600BDE17F = {
						CreatedOnToolsVersion = 9.4.1;
						LastSwiftMigration = 0940;
					};
				};
			};
			buildConfigurationList = 315FB5E9212BE83600BDE17F /* Build configuration list for PBXProject "movies" */;
			compatibilityVersion = "Xcode 9.3";
			developmentRegion = en;
			hasScannedForEncodings = 0;
			knownRegions = (
				en,
				Base,
			);
			mainGroup = 315FB5E5212BE83600BDE17F;
			productRefGroup = 315FB5EF212BE83600BDE17F /* Products */;
			projectDirPath = "";
			projectRoot = "";
			targets = (
				315FB5ED212BE83600BDE17F /* movies */,
			);
		};
/* End PBXProject section */

/* Begin PBXResourcesBuildPhase section */
		315FB5EC212BE83600BDE17F /* Resources */ = {
			isa = PBXResourcesBuildPhase;
			buildActionMask = 2147483647;
			files = (
				31D460AD214141F400264846 /* 2.JPG in Resources */,
				31D460AE214141F400264846 /* 3.JPG in Resources */,
				31D460AB214141F400264846 /* 0.JPG in Resources */,
				315FB5FC212BE83900BDE17F /* LaunchScreen.storyboard in Resources */,
				31D460AC214141F400264846 /* 1.JPG in Resources */,
				315FB5F9212BE83900BDE17F /* Assets.xcassets in Resources */,
				315FB5F7212BE83600BDE17F /* Main.storyboard in Resources */,
			);
			runOnlyForDeploymentPostprocessing = 0;
		};
/* End PBXResourcesBuildPhase section */

/* Begin PBXShellScriptBuildPhase section */
		AFEC38EFBC8C211DA8C3A951 /* [CP] Embed Pods Frameworks */ = {
			isa = PBXShellScriptBuildPhase;
			buildActionMask = 2147483647;
			files = (
			);
			inputPaths = (
				"${SRCROOT}/Pods/Target Support Files/Pods-movies/Pods-movies-frameworks.sh",
				"${BUILT_PRODUCTS_DIR}/Spring/Spring.framework",
			);
			name = "[CP] Embed Pods Frameworks";
			outputPaths = (
				"${TARGET_BUILD_DIR}/${FRAMEWORKS_FOLDER_PATH}/Spring.framework",
			);
			runOnlyForDeploymentPostprocessing = 0;
			shellPath = /bin/sh;
			shellScript = "\"${SRCROOT}/Pods/Target Support Files/Pods-movies/Pods-movies-frameworks.sh\"\n";
			showEnvVarsInLog = 0;
		};
		E85A7E4ACB7019E76E02CE67 /* [CP] Check Pods Manifest.lock */ = {
			isa = PBXShellScriptBuildPhase;
			buildActionMask = 2147483647;
			files = (
			);
			inputPaths = (
				"${PODS_PODFILE_DIR_PATH}/Podfile.lock",
				"${PODS_ROOT}/Manifest.lock",
			);
			name = "[CP] Check Pods Manifest.lock";
			outputPaths = (
				"$(DERIVED_FILE_DIR)/Pods-movies-checkManifestLockResult.txt",
			);
			runOnlyForDeploymentPostprocessing = 0;
			shellPath = /bin/sh;
			shellScript = "diff \"${PODS_PODFILE_DIR_PATH}/Podfile.lock\" \"${PODS_ROOT}/Manifest.lock\" > /dev/null\nif [ $? != 0 ] ; then\n    # print error to STDERR\n    echo \"error: The sandbox is not in sync with the Podfile.lock. Run 'pod install' or update your CocoaPods installation.\" >&2\n    exit 1\nfi\n# This output is used by Xcode 'outputs' to avoid re-running this script phase.\necho \"SUCCESS\" > \"${SCRIPT_OUTPUT_FILE_0}\"\n";
			showEnvVarsInLog = 0;
		};
/* End PBXShellScriptBuildPhase section */

/* Begin PBXSourcesBuildPhase section */
		315FB5EA212BE83600BDE17F /* Sources */ = {
			isa = PBXSourcesBuildPhase;
			buildActionMask = 2147483647;
			files = (
				31FF1ECC212D7E4800EA30DC /* CBAutoScrollLabel.m in Sources */,
				315FB5F4212BE83600BDE17F /* ViewController.swift in Sources */,
				315FB5F2212BE83600BDE17F /* AppDelegate.swift in Sources */,
			);
			runOnlyForDeploymentPostprocessing = 0;
		};
/* End PBXSourcesBuildPhase section */

/* Begin PBXVariantGroup section */
		315FB5F5212BE83600BDE17F /* Main.storyboard */ = {
			isa = PBXVariantGroup;
			children = (
				315FB5F6212BE83600BDE17F /* Base */,
			);
			name = Main.storyboard;
			sourceTree = "<group>";
		};
		315FB5FA212BE83900BDE17F /* LaunchScreen.storyboard */ = {
			isa = PBXVariantGroup;
			children = (
				315FB5FB212BE83900BDE17F /* Base */,
			);
			name = LaunchScreen.storyboard;
			sourceTree = "<group>";
		};
/* End PBXVariantGroup section */

/* Begin XCBuildConfiguration section */
		315FB5FE212BE83900BDE17F /* Debug */ = {
			isa = XCBuildConfiguration;
			buildSettings = {
				ALWAYS_SEARCH_USER_PATHS = NO;
				CLANG_ANALYZER_NONNULL = YES;
				CLANG_ANALYZER_NUMBER_OBJECT_CONVERSION = YES_AGGRESSIVE;
				CLANG_CXX_LANGUAGE_STANDARD = "gnu++14";
				CLANG_CXX_LIBRARY = "libc++";
				CLANG_ENABLE_MODULES = YES;
				CLANG_ENABLE_OBJC_ARC = YES;
				CLANG_ENABLE_OBJC_WEAK = YES;
				CLANG_WARN_BLOCK_CAPTURE_AUTORELEASING = YES;
				CLANG_WARN_BOOL_CONVERSION = YES;
				CLANG_WARN_COMMA = YES;
				CLANG_WARN_CONSTANT_CONVERSION = YES;
				CLANG_WARN_DEPRECATED_OBJC_IMPLEMENTATIONS = YES;
				CLANG_WARN_DIRECT_OBJC_ISA_USAGE = YES_ERROR;
				CLANG_WARN_DOCUMENTATION_COMMENTS = YES;
				CLANG_WARN_EMPTY_BODY = YES;
				CLANG_WARN_ENUM_CONVERSION = YES;
				CLANG_WARN_INFINITE_RECURSION = YES;
				CLANG_WARN_INT_CONVERSION = YES;
				CLANG_WARN_NON_LITERAL_NULL_CONVERSION = YES;
				CLANG_WARN_OBJC_IMPLICIT_RETAIN_SELF = YES;
				CLANG_WARN_OBJC_LITERAL_CONVERSION = YES;
				CLANG_WARN_OBJC_ROOT_CLASS = YES_ERROR;
				CLANG_WARN_RANGE_LOOP_ANALYSIS = YES;
				CLANG_WARN_STRICT_PROTOTYPES = YES;
				CLANG_WARN_SUSPICIOUS_MOVE = YES;
				CLANG_WARN_UNGUARDED_AVAILABILITY = YES_AGGRESSIVE;
				CLANG_WARN_UNREACHABLE_CODE = YES;
				CLANG_WARN__DUPLICATE_METHOD_MATCH = YES;
				CODE_SIGN_IDENTITY = "iPhone Developer";
				COPY_PHASE_STRIP = NO;
				DEBUG_INFORMATION_FORMAT = dwarf;
				ENABLE_STRICT_OBJC_MSGSEND = YES;
				ENABLE_TESTABILITY = YES;
				GCC_C_LANGUAGE_STANDARD = gnu11;
				GCC_DYNAMIC_NO_PIC = NO;
				GCC_NO_COMMON_BLOCKS = YES;
				GCC_OPTIMIZATION_LEVEL = 0;
				GCC_PREPROCESSOR_DEFINITIONS = (
					"DEBUG=1",
					"$(inherited)",
				);
				GCC_WARN_64_TO_32_BIT_CONVERSION = YES;
				GCC_WARN_ABOUT_RETURN_TYPE = YES_ERROR;
				GCC_WARN_UNDECLARED_SELECTOR = YES;
				GCC_WARN_UNINITIALIZED_AUTOS = YES_AGGRESSIVE;
				GCC_WARN_UNUSED_FUNCTION = YES;
				GCC_WARN_UNUSED_VARIABLE = YES;
				IPHONEOS_DEPLOYMENT_TARGET = 11.4;
				MTL_ENABLE_DEBUG_INFO = YES;
				ONLY_ACTIVE_ARCH = YES;
				SDKROOT = iphoneos;
				SWIFT_ACTIVE_COMPILATION_CONDITIONS = DEBUG;
				SWIFT_OPTIMIZATION_LEVEL = "-Onone";
			};
			name = Debug;
		};
		315FB5FF212BE83900BDE17F /* Release */ = {
			isa = XCBuildConfiguration;
			buildSettings = {
				ALWAYS_SEARCH_USER_PATHS = NO;
				CLANG_ANALYZER_NONNULL = YES;
				CLANG_ANALYZER_NUMBER_OBJECT_CONVERSION = YES_AGGRESSIVE;
				CLANG_CXX_LANGUAGE_STANDARD = "gnu++14";
				CLANG_CXX_LIBRARY = "libc++";
				CLANG_ENABLE_MODULES = YES;
				CLANG_ENABLE_OBJC_ARC = YES;
				CLANG_ENABLE_OBJC_WEAK = YES;
				CLANG_WARN_BLOCK_CAPTURE_AUTORELEASING = YES;
				CLANG_WARN_BOOL_CONVERSION = YES;
				CLANG_WARN_COMMA = YES;
				CLANG_WARN_CONSTANT_CONVERSION = YES;
				CLANG_WARN_DEPRECATED_OBJC_IMPLEMENTATIONS = YES;
				CLANG_WARN_DIRECT_OBJC_ISA_USAGE = YES_ERROR;
				CLANG_WARN_DOCUMENTATION_COMMENTS = YES;
				CLANG_WARN_EMPTY_BODY = YES;
				CLANG_WARN_ENUM_CONVERSION = YES;
				CLANG_WARN_INFINITE_RECURSION = YES;
				CLANG_WARN_INT_CONVERSION = YES;
				CLANG_WARN_NON_LITERAL_NULL_CONVERSION = YES;
				CLANG_WARN_OBJC_IMPLICIT_RETAIN_SELF = YES;
				CLANG_WARN_OBJC_LITERAL_CONVERSION = YES;
				CLANG_WARN_OBJC_ROOT_CLASS = YES_ERROR;
				CLANG_WARN_RANGE_LOOP_ANALYSIS = YES;
				CLANG_WARN_STRICT_PROTOTYPES = YES;
				CLANG_WARN_SUSPICIOUS_MOVE = YES;
				CLANG_WARN_UNGUARDED_AVAILABILITY = YES_AGGRESSIVE;
				CLANG_WARN_UNREACHABLE_CODE = YES;
				CLANG_WARN__DUPLICATE_METHOD_MATCH = YES;
				CODE_SIGN_IDENTITY = "iPhone Developer";
				COPY_PHASE_STRIP = NO;
				DEBUG_INFORMATION_FORMAT = "dwarf-with-dsym";
				ENABLE_NS_ASSERTIONS = NO;
				ENABLE_STRICT_OBJC_MSGSEND = YES;
				GCC_C_LANGUAGE_STANDARD = gnu11;
				GCC_NO_COMMON_BLOCKS = YES;
				GCC_WARN_64_TO_32_BIT_CONVERSION = YES;
				GCC_WARN_ABOUT_RETURN_TYPE = YES_ERROR;
				GCC_WARN_UNDECLARED_SELECTOR = YES;
				GCC_WARN_UNINITIALIZED_AUTOS = YES_AGGRESSIVE;
				GCC_WARN_UNUSED_FUNCTION = YES;
				GCC_WARN_UNUSED_VARIABLE = YES;
				IPHONEOS_DEPLOYMENT_TARGET = 11.4;
				MTL_ENABLE_DEBUG_INFO = NO;
				SDKROOT = iphoneos;
				SWIFT_COMPILATION_MODE = wholemodule;
				SWIFT_OPTIMIZATION_LEVEL = "-O";
				VALIDATE_PRODUCT = YES;
			};
			name = Release;
		};
		315FB601212BE83900BDE17F /* Debug */ = {
			isa = XCBuildConfiguration;
			baseConfigurationReference = D032B3B9D101F177D63748F0 /* Pods-movies.debug.xcconfig */;
			buildSettings = {
				ASSETCATALOG_COMPILER_APPICON_NAME = AppIcon;
				CLANG_ENABLE_MODULES = YES;
				CODE_SIGN_STYLE = Automatic;
				DEVELOPMENT_TEAM = 5R34AC8D3G;
				INFOPLIST_FILE = movies/Info.plist;
				LD_RUNPATH_SEARCH_PATHS = (
					"$(inherited)",
					"@executable_path/Frameworks",
				);
				PRODUCT_BUNDLE_IDENTIFIER = jp.mips.systechtaskapp.movies;
				PRODUCT_NAME = "$(TARGET_NAME)";
				SWIFT_OBJC_BRIDGING_HEADER = "movies/movies-Bridging-Header.h";
				SWIFT_OPTIMIZATION_LEVEL = "-Onone";
				SWIFT_VERSION = 4.0;
				TARGETED_DEVICE_FAMILY = "1,2";
			};
			name = Debug;
		};
		315FB602212BE83900BDE17F /* Release */ = {
			isa = XCBuildConfiguration;
			baseConfigurationReference = F0F93241E02A8756C224D699 /* Pods-movies.release.xcconfig */;
			buildSettings = {
				ASSETCATALOG_COMPILER_APPICON_NAME = AppIcon;
				CLANG_ENABLE_MODULES = YES;
				CODE_SIGN_STYLE = Automatic;
				DEVELOPMENT_TEAM = 5R34AC8D3G;
				INFOPLIST_FILE = movies/Info.plist;
				LD_RUNPATH_SEARCH_PATHS = (
					"$(inherited)",
					"@executable_path/Frameworks",
				);
				PRODUCT_BUNDLE_IDENTIFIER = jp.mips.systechtaskapp.movies;
				PRODUCT_NAME = "$(TARGET_NAME)";
				SWIFT_OBJC_BRIDGING_HEADER = "movies/movies-Bridging-Header.h";
				SWIFT_VERSION = 4.0;
				TARGETED_DEVICE_FAMILY = "1,2";
			};
			name = Release;
		};
/* End XCBuildConfiguration section */

/* Begin XCConfigurationList section */
		315FB5E9212BE83600BDE17F /* Build configuration list for PBXProject "movies" */ = {
			isa = XCConfigurationList;
			buildConfigurations = (
				315FB5FE212BE83900BDE17F /* Debug */,
				315FB5FF212BE83900BDE17F /* Release */,
			);
			defaultConfigurationIsVisible = 0;
			defaultConfigurationName = Release;
		};
		315FB600212BE83900BDE17F /* Build configuration list for PBXNativeTarget "movies" */ = {
			isa = XCConfigurationList;
			buildConfigurations = (
				315FB601212BE83900BDE17F /* Debug */,
				315FB602212BE83900BDE17F /* Release */,
			);
			defaultConfigurationIsVisible = 0;
			defaultConfigurationName = Release;
		};
/* End XCConfigurationList section */
	};
	rootObject = 315FB5E6212BE83600BDE17F /* Project object */;
}
